# This file is generated by running "yarn install" inside your project.
# Manual changes might be lost - proceed with caution!

__metadata:
  version: 8
  cacheKey: 10

"@babel/runtime@npm:^7.12.13, @babel/runtime@npm:^7.20.13, @babel/runtime@npm:^7.9.2":
  version: 7.27.1
  resolution: "@babel/runtime@npm:7.27.1"
  checksum: 10/34cefcbf781ea5a4f1b93f8563327b9ac82694bebdae91e8bd9d7f58d084cbe5b9a6e7f94d77076e15b0bcdaa0040a36cb30737584028df6c4673b4c67b2a31d
  languageName: node
  linkType: hard

"@esbuild/aix-ppc64@npm:0.25.4":
  version: 0.25.4
  resolution: "@esbuild/aix-ppc64@npm:0.25.4"
  conditions: os=aix & cpu=ppc64
  languageName: node
  linkType: hard

"@esbuild/android-arm64@npm:0.25.4":
  version: 0.25.4
  resolution: "@esbuild/android-arm64@npm:0.25.4"
  conditions: os=android & cpu=arm64
  languageName: node
  linkType: hard

"@esbuild/android-arm@npm:0.25.4":
  version: 0.25.4
  resolution: "@esbuild/android-arm@npm:0.25.4"
  conditions: os=android & cpu=arm
  languageName: node
  linkType: hard

"@esbuild/android-x64@npm:0.25.4":
  version: 0.25.4
  resolution: "@esbuild/android-x64@npm:0.25.4"
  conditions: os=android & cpu=x64
  languageName: node
  linkType: hard

"@esbuild/darwin-arm64@npm:0.25.4":
  version: 0.25.4
  resolution: "@esbuild/darwin-arm64@npm:0.25.4"
  conditions: os=darwin & cpu=arm64
  languageName: node
  linkType: hard

"@esbuild/darwin-x64@npm:0.25.4":
  version: 0.25.4
  resolution: "@esbuild/darwin-x64@npm:0.25.4"
  conditions: os=darwin & cpu=x64
  languageName: node
  linkType: hard

"@esbuild/freebsd-arm64@npm:0.25.4":
  version: 0.25.4
  resolution: "@esbuild/freebsd-arm64@npm:0.25.4"
  conditions: os=freebsd & cpu=arm64
  languageName: node
  linkType: hard

"@esbuild/freebsd-x64@npm:0.25.4":
  version: 0.25.4
  resolution: "@esbuild/freebsd-x64@npm:0.25.4"
  conditions: os=freebsd & cpu=x64
  languageName: node
  linkType: hard

"@esbuild/linux-arm64@npm:0.25.4":
  version: 0.25.4
  resolution: "@esbuild/linux-arm64@npm:0.25.4"
  conditions: os=linux & cpu=arm64
  languageName: node
  linkType: hard

"@esbuild/linux-arm@npm:0.25.4":
  version: 0.25.4
  resolution: "@esbuild/linux-arm@npm:0.25.4"
  conditions: os=linux & cpu=arm
  languageName: node
  linkType: hard

"@esbuild/linux-ia32@npm:0.25.4":
  version: 0.25.4
  resolution: "@esbuild/linux-ia32@npm:0.25.4"
  conditions: os=linux & cpu=ia32
  languageName: node
  linkType: hard

"@esbuild/linux-loong64@npm:0.25.4":
  version: 0.25.4
  resolution: "@esbuild/linux-loong64@npm:0.25.4"
  conditions: os=linux & cpu=loong64
  languageName: node
  linkType: hard

"@esbuild/linux-mips64el@npm:0.25.4":
  version: 0.25.4
  resolution: "@esbuild/linux-mips64el@npm:0.25.4"
  conditions: os=linux & cpu=mips64el
  languageName: node
  linkType: hard

"@esbuild/linux-ppc64@npm:0.25.4":
  version: 0.25.4
  resolution: "@esbuild/linux-ppc64@npm:0.25.4"
  conditions: os=linux & cpu=ppc64
  languageName: node
  linkType: hard

"@esbuild/linux-riscv64@npm:0.25.4":
  version: 0.25.4
  resolution: "@esbuild/linux-riscv64@npm:0.25.4"
  conditions: os=linux & cpu=riscv64
  languageName: node
  linkType: hard

"@esbuild/linux-s390x@npm:0.25.4":
  version: 0.25.4
  resolution: "@esbuild/linux-s390x@npm:0.25.4"
  conditions: os=linux & cpu=s390x
  languageName: node
  linkType: hard

"@esbuild/linux-x64@npm:0.25.4":
  version: 0.25.4
  resolution: "@esbuild/linux-x64@npm:0.25.4"
  conditions: os=linux & cpu=x64
  languageName: node
  linkType: hard

"@esbuild/netbsd-arm64@npm:0.25.4":
  version: 0.25.4
  resolution: "@esbuild/netbsd-arm64@npm:0.25.4"
  conditions: os=netbsd & cpu=arm64
  languageName: node
  linkType: hard

"@esbuild/netbsd-x64@npm:0.25.4":
  version: 0.25.4
  resolution: "@esbuild/netbsd-x64@npm:0.25.4"
  conditions: os=netbsd & cpu=x64
  languageName: node
  linkType: hard

"@esbuild/openbsd-arm64@npm:0.25.4":
  version: 0.25.4
  resolution: "@esbuild/openbsd-arm64@npm:0.25.4"
  conditions: os=openbsd & cpu=arm64
  languageName: node
  linkType: hard

"@esbuild/openbsd-x64@npm:0.25.4":
  version: 0.25.4
  resolution: "@esbuild/openbsd-x64@npm:0.25.4"
  conditions: os=openbsd & cpu=x64
  languageName: node
  linkType: hard

"@esbuild/sunos-x64@npm:0.25.4":
  version: 0.25.4
  resolution: "@esbuild/sunos-x64@npm:0.25.4"
  conditions: os=sunos & cpu=x64
  languageName: node
  linkType: hard

"@esbuild/win32-arm64@npm:0.25.4":
  version: 0.25.4
  resolution: "@esbuild/win32-arm64@npm:0.25.4"
  conditions: os=win32 & cpu=arm64
  languageName: node
  linkType: hard

"@esbuild/win32-ia32@npm:0.25.4":
  version: 0.25.4
  resolution: "@esbuild/win32-ia32@npm:0.25.4"
  conditions: os=win32 & cpu=ia32
  languageName: node
  linkType: hard

"@esbuild/win32-x64@npm:0.25.4":
  version: 0.25.4
  resolution: "@esbuild/win32-x64@npm:0.25.4"
  conditions: os=win32 & cpu=x64
  languageName: node
  linkType: hard

"@fortawesome/fontawesome-common-types@npm:^0.2.36":
  version: 0.2.36
  resolution: "@fortawesome/fontawesome-common-types@npm:0.2.36"
  checksum: 10/ea8575388b5ef67bb490a029bb1c13acd2a7f4e7a7cc00b6818a78aaa85be152075f8265558cec5751df560f74d9cdcddbc2f99a8e39265cd1ca63f3e9238c17
  languageName: node
  linkType: hard

"@fortawesome/fontawesome-svg-core@npm:^1.2.35":
  version: 1.2.36
  resolution: "@fortawesome/fontawesome-svg-core@npm:1.2.36"
  dependencies:
    "@fortawesome/fontawesome-common-types": "npm:^0.2.36"
  checksum: 10/9ac19485a7edab05894efda630a997ac50258760b967fe63f69f2fa2fa189884ab948acb879d3e782d3c95fc02b823a5c3f44ce38ac881b6e810cc55dae78ee4
  languageName: node
  linkType: hard

"@fortawesome/react-fontawesome@npm:^0.1.14":
  version: 0.1.19
  resolution: "@fortawesome/react-fontawesome@npm:0.1.19"
  dependencies:
    prop-types: "npm:^15.8.1"
  peerDependencies:
    "@fortawesome/fontawesome-svg-core": ~1 || ~6
    react: ">=16.x"
  checksum: 10/2c9f1ef816db7b6a1a0c74ae74dd2a1c5ad09d3937479fea8d5f24e92b9ca487ddca566e1f17b3bba0ca0b53c969af2d65a1ae120d087364a51a1151c359c635
  languageName: node
  linkType: hard

"@neos-project/neos-ui-extensibility@npm:~8.3.13":
  version: 8.3.13
  resolution: "@neos-project/neos-ui-extensibility@npm:8.3.13"
  dependencies:
    "@neos-project/positional-array-sorter": "npm:8.3.13"
  checksum: 10/3dd1e81ca3e62ada1909cbc29ef340cf3588ab33374e35df5f74bb76576b3c8674235b8e67e6cddf69aed6f17892d626a02e2436ecafad00a89d8cd920c53be9
  languageName: node
  linkType: hard

"@neos-project/positional-array-sorter@npm:8.3.13":
  version: 8.3.13
  resolution: "@neos-project/positional-array-sorter@npm:8.3.13"
  checksum: 10/b504653eadc70d15202c6fb729cd907794099c0b3e12e599e92919008b7dff380eb57b7ee5de1c9219adfaf475ad9279a2f2d209bbc78dcb34c18d7522e96532
  languageName: node
  linkType: hard

"@neos-project/react-ui-components@npm:~8.3.13":
  version: 8.3.13
  resolution: "@neos-project/react-ui-components@npm:8.3.13"
  dependencies:
    "@fortawesome/fontawesome-svg-core": "npm:^1.2.35"
    "@fortawesome/react-fontawesome": "npm:^0.1.14"
    classnames: "npm:^2.2.3"
    hoist-non-react-statics: "npm:^3.3.1"
    lodash.assign: "npm:^4.2.0"
    lodash.debounce: "npm:^4.0.8"
    lodash.escaperegexp: "npm:^4.1.2"
    lodash.isequal: "npm:^4.5.0"
    lodash.isfunction: "npm:^3.0.8"
    lodash.omit: "npm:^4.5.0"
    lodash.throttle: "npm:^4.0.8"
    moment: "npm:^2.14.1"
    plow-js: "npm:3.0.0"
    raf: "npm:^3.4.1"
    react-collapse: "npm:^5.0.1"
    react-datetime: "npm:^2.8.10"
    react-dnd: "npm:^10.0.0"
    react-dnd-html5-backend: "npm:^10.0.0"
    react-height: "npm:^3.0.0"
    react-keydown: "npm:^1.9.4"
    react-motion: "npm:^0.5.0"
    react-svg: "npm:^11.1.2"
    react-textarea-autosize: "npm:^8.3.0"
  peerDependencies:
    "@fortawesome/free-brands-svg-icons": ^5.15.3
    "@fortawesome/free-regular-svg-icons": ^5.15.3
    "@fortawesome/free-solid-svg-icons": ^5.15.3
    "@friendsofreactjs/react-css-themr": ~4.2.0
    notosans-fontface: ^1.3.0
    prop-types: ^15.5.10
    react: ^16.12.0
    react-dom: ^16.0.0
  checksum: 10/dcb00d5eccc5a6c51e96dd31f292f7048e7162e2b633e675461f1a7fcee2634f09da050125f2b4982fc85f03e198898a8bc7da2ef8a1eef2be58fcde055d7a75
  languageName: node
  linkType: hard

"@react-dnd/asap@npm:^4.0.0":
  version: 4.0.1
  resolution: "@react-dnd/asap@npm:4.0.1"
  checksum: 10/4fd8912de1c689f79be653b09ee561ebf1f67878cc69ea5ce54cd30e462853ca581121ef8e632864427cfe5ad206539bb5b59fce08fb471cec16be30886380dd
  languageName: node
  linkType: hard

"@react-dnd/invariant@npm:^2.0.0":
  version: 2.0.0
  resolution: "@react-dnd/invariant@npm:2.0.0"
  checksum: 10/ef1e989920d70b15c80dccb01af9b598081d76993311aa22d2e9a3ec41d10a88540eeec4b4de7a8b2a2ea52dfc3495ab45e39192c2d27795a9258bd6b79d000e
  languageName: node
  linkType: hard

"@react-dnd/shallowequal@npm:^2.0.0":
  version: 2.0.0
  resolution: "@react-dnd/shallowequal@npm:2.0.0"
  checksum: 10/b5bbdc795d65945bb7ba2322bed5cf8d4c6fe91dced98c3b10e3d16822c438f558751135ff296f8d1aa1eaa9d0037dacab2b522ca5eb812175123b9996966dcb
  languageName: node
  linkType: hard

"@shel-neos-healthcheck/view@workspace:*, @shel-neos-healthcheck/view@workspace:packages/HealthCheckView":
  version: 0.0.0-use.local
  resolution: "@shel-neos-healthcheck/view@workspace:packages/HealthCheckView"
  dependencies:
    "@neos-project/neos-ui-extensibility": "npm:~8.3.13"
    "@neos-project/react-ui-components": "npm:~8.3.13"
    esbuild: "npm:~0.25.4"
  languageName: unknown
  linkType: soft

"@tanem/svg-injector@npm:^8.2.4":
  version: 8.2.5
  resolution: "@tanem/svg-injector@npm:8.2.5"
  dependencies:
    "@babel/runtime": "npm:^7.12.13"
    content-type: "npm:^1.0.4"
    tslib: "npm:^2.1.0"
  checksum: 10/58f132bfeac7d9ab830acb1387b358f89df5a3beec463146c3ec51d5c8f0d5c0cf46ee2eaef934bdba4a21ea458306f5e60239ab18bdf8c3099f2753f65de4ea
  languageName: node
  linkType: hard

"@types/hoist-non-react-statics@npm:^3.3.1":
  version: 3.3.6
  resolution: "@types/hoist-non-react-statics@npm:3.3.6"
  dependencies:
    "@types/react": "npm:*"
    hoist-non-react-statics: "npm:^3.3.0"
  checksum: 10/f03e43bd081876c49584ffa0eb690d69991f258203efca44dcc30efdda49a50653ff06402917d1edc9cb7e2adebbe9e2d1d0e739bc99c1b5372103b1cc534e47
  languageName: node
  linkType: hard

"@types/react@npm:*":
  version: 19.1.4
  resolution: "@types/react@npm:19.1.4"
  dependencies:
    csstype: "npm:^3.0.2"
  checksum: 10/b8744e03bc3f7d4d686681ab039e0b2454fbb2110436b8b7f6ee9e6c5f8f8552231c6c273b908f69b3eae1745aeb7b075949bb3983ba8b36c3b0c2888e22726c
  languageName: node
  linkType: hard

"classnames@npm:^2.2.3":
  version: 2.5.1
  resolution: "classnames@npm:2.5.1"
  checksum: 10/58eb394e8817021b153bb6e7d782cfb667e4ab390cb2e9dac2fc7c6b979d1cc2b2a733093955fc5c94aa79ef5c8c89f11ab77780894509be6afbb91dddd79d15
  languageName: node
  linkType: hard

"content-type@npm:^1.0.4":
  version: 1.0.5
  resolution: "content-type@npm:1.0.5"
  checksum: 10/585847d98dc7fb8035c02ae2cb76c7a9bd7b25f84c447e5ed55c45c2175e83617c8813871b4ee22f368126af6b2b167df655829007b21aa10302873ea9c62662
  languageName: node
  linkType: hard

"core-js@npm:^3.1.2":
  version: 3.42.0
  resolution: "core-js@npm:3.42.0"
  checksum: 10/07e10c475cdb45608559778c4d8d1561204aa57c937a3e77ebc7359a95a350f8acfdbeab59c6a6532eb3b47262be0d05aba150a00b79659a91bedda4f59d9d5f
  languageName: node
  linkType: hard

"create-react-class@npm:^15.5.2":
  version: 15.7.0
  resolution: "create-react-class@npm:15.7.0"
  dependencies:
    loose-envify: "npm:^1.3.1"
    object-assign: "npm:^4.1.1"
  checksum: 10/e845cb275c6b59c1fc4c4037e3d5caf4f42a258ef21f5cd9c86cd7ef476f933998f5c363a9e4b36970f682c30b122637d41474742abc85d8b931aef8041da8a3
  languageName: node
  linkType: hard

"csstype@npm:^3.0.2":
  version: 3.1.3
  resolution: "csstype@npm:3.1.3"
  checksum: 10/f593cce41ff5ade23f44e77521e3a1bcc2c64107041e1bf6c3c32adc5187d0d60983292fda326154d20b01079e24931aa5b08e4467cc488b60bb1e7f6d478ade
  languageName: node
  linkType: hard

"dnd-core@npm:^10.0.2":
  version: 10.0.2
  resolution: "dnd-core@npm:10.0.2"
  dependencies:
    "@react-dnd/asap": "npm:^4.0.0"
    "@react-dnd/invariant": "npm:^2.0.0"
    redux: "npm:^4.0.4"
  checksum: 10/d6bf94ee73a0b6497645a03b84453e6c79b46481e4d0b2993dcfb70dd39447fa93ff12ce8ebdc953a878ad4b6d4a405ab84f77fe8f3efb275f03d359a1192b1e
  languageName: node
  linkType: hard

"esbuild@npm:~0.25.4":
  version: 0.25.4
  resolution: "esbuild@npm:0.25.4"
  dependencies:
    "@esbuild/aix-ppc64": "npm:0.25.4"
    "@esbuild/android-arm": "npm:0.25.4"
    "@esbuild/android-arm64": "npm:0.25.4"
    "@esbuild/android-x64": "npm:0.25.4"
    "@esbuild/darwin-arm64": "npm:0.25.4"
    "@esbuild/darwin-x64": "npm:0.25.4"
    "@esbuild/freebsd-arm64": "npm:0.25.4"
    "@esbuild/freebsd-x64": "npm:0.25.4"
    "@esbuild/linux-arm": "npm:0.25.4"
    "@esbuild/linux-arm64": "npm:0.25.4"
    "@esbuild/linux-ia32": "npm:0.25.4"
    "@esbuild/linux-loong64": "npm:0.25.4"
    "@esbuild/linux-mips64el": "npm:0.25.4"
    "@esbuild/linux-ppc64": "npm:0.25.4"
    "@esbuild/linux-riscv64": "npm:0.25.4"
    "@esbuild/linux-s390x": "npm:0.25.4"
    "@esbuild/linux-x64": "npm:0.25.4"
    "@esbuild/netbsd-arm64": "npm:0.25.4"
    "@esbuild/netbsd-x64": "npm:0.25.4"
    "@esbuild/openbsd-arm64": "npm:0.25.4"
    "@esbuild/openbsd-x64": "npm:0.25.4"
    "@esbuild/sunos-x64": "npm:0.25.4"
    "@esbuild/win32-arm64": "npm:0.25.4"
    "@esbuild/win32-ia32": "npm:0.25.4"
    "@esbuild/win32-x64": "npm:0.25.4"
  dependenciesMeta:
    "@esbuild/aix-ppc64":
      optional: true
    "@esbuild/android-arm":
      optional: true
    "@esbuild/android-arm64":
      optional: true
    "@esbuild/android-x64":
      optional: true
    "@esbuild/darwin-arm64":
      optional: true
    "@esbuild/darwin-x64":
      optional: true
    "@esbuild/freebsd-arm64":
      optional: true
    "@esbuild/freebsd-x64":
      optional: true
    "@esbuild/linux-arm":
      optional: true
    "@esbuild/linux-arm64":
      optional: true
    "@esbuild/linux-ia32":
      optional: true
    "@esbuild/linux-loong64":
      optional: true
    "@esbuild/linux-mips64el":
      optional: true
    "@esbuild/linux-ppc64":
      optional: true
    "@esbuild/linux-riscv64":
      optional: true
    "@esbuild/linux-s390x":
      optional: true
    "@esbuild/linux-x64":
      optional: true
    "@esbuild/netbsd-arm64":
      optional: true
    "@esbuild/netbsd-x64":
      optional: true
    "@esbuild/openbsd-arm64":
      optional: true
    "@esbuild/openbsd-x64":
      optional: true
    "@esbuild/sunos-x64":
      optional: true
    "@esbuild/win32-arm64":
      optional: true
    "@esbuild/win32-ia32":
      optional: true
    "@esbuild/win32-x64":
      optional: true
  bin:
    esbuild: bin/esbuild
  checksum: 10/227ffe9b31f0b184a0b0a0210bb9d32b2b115b8c5c9b09f08db2c3928cb470fc55a22dbba3c2894365d3abcc62c2089b85638be96a20691d1234d31990ea01b2
  languageName: node
  linkType: hard

"hoist-non-react-statics@npm:^3.3.0, hoist-non-react-statics@npm:^3.3.1":
  version: 3.3.2
  resolution: "hoist-non-react-statics@npm:3.3.2"
  dependencies:
    react-is: "npm:^16.7.0"
  checksum: 10/1acbe85f33e5a39f90c822ad4d28b24daeb60f71c545279431dc98c312cd28a54f8d64788e477fe21dc502b0e3cf58589ebe5c1ad22af27245370391c2d24ea6
  languageName: node
  linkType: hard

"immutable@npm:^3.7.6":
  version: 3.8.2
  resolution: "immutable@npm:3.8.2"
  checksum: 10/8a94647c769e97c9685be1b89d5e1b3171e8c1361fb9061fbcf78f630f70bf60e4de0bfca8bdd24a54b1fb814a945a76a30b11b7ee08967f9802a138a54498a2
  languageName: node
  linkType: hard

"js-tokens@npm:^3.0.0 || ^4.0.0":
  version: 4.0.0
  resolution: "js-tokens@npm:4.0.0"
  checksum: 10/af37d0d913fb56aec6dc0074c163cc71cd23c0b8aad5c2350747b6721d37ba118af35abdd8b33c47ec2800de07dedb16a527ca9c530ee004093e04958bd0cbf2
  languageName: node
  linkType: hard

"lodash.assign@npm:^4.2.0":
  version: 4.2.0
  resolution: "lodash.assign@npm:4.2.0"
  checksum: 10/2571d0d487375d5882ece0d94bf18807b6d9d1722ad77a84c220f27fabb6cf3e4f9109183317c95b0cb0d42dae6c2cad453a31d50c9cdcd102b3bbf1b78b1ea7
  languageName: node
  linkType: hard

"lodash.debounce@npm:^4.0.8":
  version: 4.0.8
  resolution: "lodash.debounce@npm:4.0.8"
  checksum: 10/cd0b2819786e6e80cb9f5cda26b1a8fc073daaf04e48d4cb462fa4663ec9adb3a5387aa22d7129e48eed1afa05b482e2a6b79bfc99b86886364449500cbb00fd
  languageName: node
  linkType: hard

"lodash.escaperegexp@npm:^4.1.2":
  version: 4.1.2
  resolution: "lodash.escaperegexp@npm:4.1.2"
  checksum: 10/6d99452b1cfd6073175a9b741a9b09ece159eac463f86f02ea3bee2e2092923fce812c8d2bf446309cc52d1d61bf9af51c8118b0d7421388e6cead7bd3798f0f
  languageName: node
  linkType: hard

"lodash.isequal@npm:^4.5.0":
  version: 4.5.0
  resolution: "lodash.isequal@npm:4.5.0"
  checksum: 10/82fc58a83a1555f8df34ca9a2cd300995ff94018ac12cc47c349655f0ae1d4d92ba346db4c19bbfc90510764e0c00ddcc985a358bdcd4b3b965abf8f2a48a214
  languageName: node
  linkType: hard

"lodash.isfunction@npm:^3.0.8":
  version: 3.0.9
  resolution: "lodash.isfunction@npm:3.0.9"
  checksum: 10/99e54c34b1e8a9ba75c034deb39cedbd2aca7af685815e67a2a8ec4f73ec9748cda6ebee5a07d7de4b938e90d421fd280e9c385cc190f903ac217ac8aff30314
  languageName: node
  linkType: hard

"lodash.omit@npm:^4.5.0":
  version: 4.5.0
  resolution: "lodash.omit@npm:4.5.0"
  checksum: 10/f5c67cd1df11f1275662060febb629a4d4e7b547c4bea66454508b5e6096162c2af882aab1ff8cb5dcf2b328f22252416de6ca9c1334588f6310edfac525e511
  languageName: node
  linkType: hard

"lodash.throttle@npm:^4.0.8":
  version: 4.1.1
  resolution: "lodash.throttle@npm:4.1.1"
  checksum: 10/9be9fb2ffd686c20543167883305542f4564062a5f712a40e8c6f2f0d9fd8254a6e9d801c2470b1b24e0cdf2ae83c1277b55aa0fb4799a2db6daf545f53820e1
  languageName: node
  linkType: hard

"loose-envify@npm:^1.3.1, loose-envify@npm:^1.4.0":
  version: 1.4.0
  resolution: "loose-envify@npm:1.4.0"
  dependencies:
    js-tokens: "npm:^3.0.0 || ^4.0.0"
  bin:
    loose-envify: cli.js
  checksum: 10/6517e24e0cad87ec9888f500c5b5947032cdfe6ef65e1c1936a0c48a524b81e65542c9c3edc91c97d5bddc806ee2a985dbc79be89215d613b1de5db6d1cfe6f4
  languageName: node
  linkType: hard

"moment@npm:^2.14.1":
  version: 2.30.1
  resolution: "moment@npm:2.30.1"
  checksum: 10/ae42d876d4ec831ef66110bdc302c0657c664991e45cf2afffc4b0f6cd6d251dde11375c982a5c0564ccc0fa593fc564576ddceb8c8845e87c15f58aa6baca69
  languageName: node
  linkType: hard

"object-assign@npm:^3.0.0":
  version: 3.0.0
  resolution: "object-assign@npm:3.0.0"
  checksum: 10/56c66a77318aea95b11bd16a65c313e98786cea1db673a7fdd3bc92aced671b35f62a9819ad9cf7846921c773818329636cda5cd1b7c4fa0ce9908440e091dac
  languageName: node
  linkType: hard

"object-assign@npm:^4.1.1":
  version: 4.1.1
  resolution: "object-assign@npm:4.1.1"
  checksum: 10/fcc6e4ea8c7fe48abfbb552578b1c53e0d194086e2e6bbbf59e0a536381a292f39943c6e9628af05b5528aa5e3318bb30d6b2e53cadaf5b8fe9e12c4b69af23f
  languageName: node
  linkType: hard

"performance-now@npm:^0.2.0":
  version: 0.2.0
  resolution: "performance-now@npm:0.2.0"
  checksum: 10/30a18ecfb57bad08540ce0cf07e4d186617d12fdea9c50b9a16e0bd6b4e7095187ade3e30c35b4dd7ffcaf4c38b50183c31e0c790d89c7ff7981b92405d52a80
  languageName: node
  linkType: hard

"performance-now@npm:^2.1.0":
  version: 2.1.0
  resolution: "performance-now@npm:2.1.0"
  checksum: 10/534e641aa8f7cba160f0afec0599b6cecefbb516a2e837b512be0adbe6c1da5550e89c78059c7fabc5c9ffdf6627edabe23eb7c518c4500067a898fa65c2b550
  languageName: node
  linkType: hard

"plow-js@npm:3.0.0":
  version: 3.0.0
  resolution: "plow-js@npm:3.0.0"
  dependencies:
    immutable: "npm:^3.7.6"
  dependenciesMeta:
    immutable:
      optional: true
  checksum: 10/be19f766d6a8101e4df5314c1f49cfbcf8ce2bad0252285657c8075d241a75a56db4e5dd87ad76587fa95a5dec7879aacf99716d7ed9517c1a2af7b46f6a5a02
  languageName: node
  linkType: hard

"prop-types@npm:^15.5.7, prop-types@npm:^15.5.8, prop-types@npm:^15.7.2, prop-types@npm:^15.8.1":
  version: 15.8.1
  resolution: "prop-types@npm:15.8.1"
  dependencies:
    loose-envify: "npm:^1.4.0"
    object-assign: "npm:^4.1.1"
    react-is: "npm:^16.13.1"
  checksum: 10/7d959caec002bc964c86cdc461ec93108b27337dabe6192fb97d69e16a0c799a03462713868b40749bfc1caf5f57ef80ac3e4ffad3effa636ee667582a75e2c0
  languageName: node
  linkType: hard

"raf@npm:^3.1.0, raf@npm:^3.4.1":
  version: 3.4.1
  resolution: "raf@npm:3.4.1"
  dependencies:
    performance-now: "npm:^2.1.0"
  checksum: 10/4c4b4c826b09d2aec6ca809f1a3c3c12136e7ec8d13fbb91f495dd2c99cd43345240e003da3bfd16036a432e635049fc6d9f69f9187f5f22ea88bb146ec75881
  languageName: node
  linkType: hard

"react-collapse@npm:^5.0.1":
  version: 5.1.1
  resolution: "react-collapse@npm:5.1.1"
  peerDependencies:
    react: ">=16.3.0"
  checksum: 10/20e2ad938272e1da13c4e1e44fce131236007378f3b0e3eb19c72fb21b7fd6797a44af167ddc2dc194d2645efda5aa34f3da06fb2ae7bca0a21f3989d46b2622
  languageName: node
  linkType: hard

"react-datetime@npm:^2.8.10":
  version: 2.16.3
  resolution: "react-datetime@npm:2.16.3"
  dependencies:
    create-react-class: "npm:^15.5.2"
    object-assign: "npm:^3.0.0"
    prop-types: "npm:^15.5.7"
    react-onclickoutside: "npm:^6.5.0"
  peerDependencies:
    moment: ">=2.16.0"
    react: ">=0.13"
    react-dom: ">=0.13"
  checksum: 10/1872f1516b78f0d00a42c8404109492a075ea3ec319f46a928ef9215d00e452c9685f85d23945c8f7e75ba9900a5a79d55ab29aed442fcd77b0bc85f0e92cf70
  languageName: node
  linkType: hard

"react-dnd-html5-backend@npm:^10.0.0":
  version: 10.0.2
  resolution: "react-dnd-html5-backend@npm:10.0.2"
  dependencies:
    dnd-core: "npm:^10.0.2"
  checksum: 10/9adc7f02142871988f99e93255aaff311642988cf3265f1a1d910c6f57c01bc44abd6e485efc206dcac13bead25e6b4147233df818103749dff5f9cd3c2a3ae7
  languageName: node
  linkType: hard

"react-dnd@npm:^10.0.0":
  version: 10.0.2
  resolution: "react-dnd@npm:10.0.2"
  dependencies:
    "@react-dnd/shallowequal": "npm:^2.0.0"
    "@types/hoist-non-react-statics": "npm:^3.3.1"
    dnd-core: "npm:^10.0.2"
    hoist-non-react-statics: "npm:^3.3.0"
  peerDependencies:
    react: ">= 16.8"
    react-dom: ">= 16.8"
  checksum: 10/0c02ea6d50959ff4d075d03ee2ebff3ffe2a58f79fdfd0d2e6e372b87d3bd5a95c8c5917adc6e783b20a8e4f9d3927e05a6506361f865b712ac25dc139728b07
  languageName: node
  linkType: hard

"react-height@npm:^3.0.0":
  version: 3.0.2
  resolution: "react-height@npm:3.0.2"
  dependencies:
    prop-types: "npm:^15.5.8"
  peerDependencies:
    react: ">=15.3"
  checksum: 10/f34a1a9e9ddadea93c677286d74443242aa381774eeb6054d999890295495ff36afff6a06f2a852a4d18bc4cee43267e8d687908563b33c92e9cd6eec9ea04f2
  languageName: node
  linkType: hard

"react-is@npm:^16.13.1, react-is@npm:^16.7.0":
  version: 16.13.1
  resolution: "react-is@npm:16.13.1"
  checksum: 10/5aa564a1cde7d391ac980bedee21202fc90bdea3b399952117f54fb71a932af1e5902020144fb354b4690b2414a0c7aafe798eb617b76a3d441d956db7726fdf
  languageName: node
  linkType: hard

"react-keydown@npm:^1.9.4":
  version: 1.9.12
  resolution: "react-keydown@npm:1.9.12"
  dependencies:
    core-js: "npm:^3.1.2"
  peerDependencies:
    react: ">= 0.14.0"
    react-dom: ">= 0.14.0"
  checksum: 10/c04d06acd14976f4420c5ddcf6136ba05e254f9f517d063560503371105c08c6990b1d083f9fd61f04140b1ce2214ba9164a7b058cf41aa48f04c247e353a6ae
  languageName: node
  linkType: hard

"react-motion@npm:^0.5.0":
  version: 0.5.2
  resolution: "react-motion@npm:0.5.2"
  dependencies:
    performance-now: "npm:^0.2.0"
    prop-types: "npm:^15.5.8"
    raf: "npm:^3.1.0"
  peerDependencies:
    react: ^0.14.9 || ^15.3.0 || ^16.0.0
  checksum: 10/a63229a09c1fd9d4afc62d2256261af28d2d982b722f680a1e979b8efa4120461646a07f59118264be37fdd19a554cf3d0788710c6fca7c8a50284644cb2ab98
  languageName: node
  linkType: hard

"react-onclickoutside@npm:^6.5.0":
  version: 6.13.2
  resolution: "react-onclickoutside@npm:6.13.2"
  peerDependencies:
    react: ^15.5.x || ^16.x || ^17.x || ^18.x
    react-dom: ^15.5.x || ^16.x || ^17.x || ^18.x
  checksum: 10/01c809f8ad687c1502ec984ffce93f6575aa01fb7f70d83cded95ae1bbb5dcdcccf378bec8590bd34672921e7d14f36cec2912cd9f9ea7e999f35c7366f28469
  languageName: node
  linkType: hard

"react-svg@npm:^11.1.2":
  version: 11.2.5
  resolution: "react-svg@npm:11.2.5"
  dependencies:
    "@babel/runtime": "npm:^7.12.13"
    "@tanem/svg-injector": "npm:^8.2.4"
    prop-types: "npm:^15.7.2"
  peerDependencies:
    react: ^15.5.4 || ^16.0.0 || ^17.0.0
    react-dom: ^15.5.4 || ^16.0.0 || ^17.0.0
  checksum: 10/69b4c15020c581af720db7866b38e4691006cb2120e547e5ce3bae6696132ae9d4f246ba6233b2c6b30c41b1dda02b479c0ab468b553dacba319d117cc0732dc
  languageName: node
  linkType: hard

"react-textarea-autosize@npm:^8.3.0":
  version: 8.5.9
  resolution: "react-textarea-autosize@npm:8.5.9"
  dependencies:
    "@babel/runtime": "npm:^7.20.13"
    use-composed-ref: "npm:^1.3.0"
    use-latest: "npm:^1.2.1"
  peerDependencies:
    react: ^16.8.0 || ^17.0.0 || ^18.0.0 || ^19.0.0
  checksum: 10/9babf6d667e93ea4629c79dce837551634f2b3309d191013908d781a98cd4bf211ea8e529ea5eb4f0046f6ea1e3c985272c1309fe09390917eb2e5c86ba75b72
  languageName: node
  linkType: hard

"redux@npm:^4.0.4":
  version: 4.2.1
  resolution: "redux@npm:4.2.1"
  dependencies:
    "@babel/runtime": "npm:^7.9.2"
  checksum: 10/371e4833b671193303a7dea7803c8fdc8e0d566740c78f580e0a3b77b4161da25037626900a2205a5d616117fa6ad09a4232e5a110bd437186b5c6355a041750
  languageName: node
  linkType: hard

"root-workspace-0b6124@workspace:.":
  version: 0.0.0-use.local
  resolution: "root-workspace-0b6124@workspace:."
  dependencies:
    "@shel-neos-healthcheck/view": "workspace:*"
  languageName: unknown
  linkType: soft

"tslib@npm:^2.1.0":
  version: 2.8.1
  resolution: "tslib@npm:2.8.1"
  checksum: 10/3e2e043d5c2316461cb54e5c7fe02c30ef6dccb3384717ca22ae5c6b5bc95232a6241df19c622d9c73b809bea33b187f6dbc73030963e29950c2141bc32a79f7
  languageName: node
  linkType: hard

"use-composed-ref@npm:^1.3.0":
  version: 1.4.0
  resolution: "use-composed-ref@npm:1.4.0"
  peerDependencies:
    react: ^16.8.0 || ^17.0.0 || ^18.0.0 || ^19.0.0
  peerDependenciesMeta:
    "@types/react":
      optional: true
  checksum: 10/a0f199ba510e008ce7b6166d9bda095f1e4e4449089bde665938a9689a0d236a6cca655f18d7272208aaca20bb364ef5fc895d5e37128f29814c1141a4258ab1
  languageName: node
  linkType: hard

"use-isomorphic-layout-effect@npm:^1.1.1":
  version: 1.2.0
  resolution: "use-isomorphic-layout-effect@npm:1.2.0"
  peerDependencies:
    react: ^16.8.0 || ^17.0.0 || ^18.0.0 || ^19.0.0
  peerDependenciesMeta:
    "@types/react":
      optional: true
  checksum: 10/84fc1074b4e3ee2886fde944baef4ec210453fc78861429fe50ae97be8209e492f18c059c6b2ff1a21df231d72d1638707dabca889bd9d7bee36f21c196a0d19
  languageName: node
  linkType: hard

"use-latest@npm:^1.2.1":
  version: 1.3.0
  resolution: "use-latest@npm:1.3.0"
  dependencies:
    use-isomorphic-layout-effect: "npm:^1.1.1"
  peerDependencies:
    react: ^16.8.0 || ^17.0.0 || ^18.0.0 || ^19.0.0
  peerDependenciesMeta:
    "@types/react":
      optional: true
  checksum: 10/913e95c272b67743ff1a0df61375058ae6ead368fd5631748e33699b2341aa89b07be03aa4cde4140a856adae70a6e0f299920cc1ad326f4afd310ba250604bd
  languageName: node
  linkType: hard
